
Microsoft Visual Studio Solution File, Format Version 12.00
# Visual Studio Version 16
VisualStudioVersion = 16.0.29613.14
MinimumVisualStudioVersion = 10.0.40219.1
Project("{FAE04EC0-301F-11D3-BF4B-00C04F79EFBC}") = "InformApp.UWP", "InformApp.UWP\InformApp.UWP.csproj", "{1C7795D4-22E4-4F25-AD94-52E4E9E93522}"
EndProject
Project("{FAE04EC0-301F-11D3-BF4B-00C04F79EFBC}") = "InformApp.Android", "InformApp.Android\InformApp.Android.csproj", "{666BFF83-D2BB-4712-A09F-C0FE6D8BAE60}"
EndProject
Project("{FAE04EC0-301F-11D3-BF4B-00C04F79EFBC}") = "InformApp.iOS", "InformApp.iOS\InformApp.iOS.csproj", "{F526976C-7FFC-4774-A8B9-8DCD10AC5C9B}"
EndProject
Project("{FAE04EC0-301F-11D3-BF4B-00C04F79EFBC}") = "InformApp", "InformApp\InformApp.csproj", "{21EB0438-2785-4B21-AB6C-54E4E8ADA06C}"
EndProject
Global
	GlobalSection(SolutionConfigurationPlatforms) = preSolution
		Debug|Any CPU = Debug|Any CPU
		Debug|ARM = Debug|ARM
		Debug|iPhone = Debug|iPhone
		Debug|iPhoneSimulator = Debug|iPhoneSimulator
		Debug|x64 = Debug|x64
		Debug|x86 = Debug|x86
		Release|Any CPU = Release|Any CPU
		Release|ARM = Release|ARM
		Release|iPhone = Release|iPhone
		Release|iPhoneSimulator = Release|iPhoneSimulator
		Release|x64 = Release|x64
		Release|x86 = Release|x86
	EndGlobalSection
	GlobalSection(ProjectConfigurationPlatforms) = postSolution
		{1C7795D4-22E4-4F25-AD94-52E4E9E93522}.Debug|Any CPU.ActiveCfg = Debug|x86
		{1C7795D4-22E4-4F25-AD94-52E4E9E93522}.Debug|Any CPU.Build.0 = Debug|x86
		{1C7795D4-22E4-4F25-AD94-52E4E9E93522}.Debug|Any CPU.Deploy.0 = Debug|x86
		{1C7795D4-22E4-4F25-AD94-52E4E9E93522}.Debug|ARM.ActiveCfg = Debug|ARM
		{1C7795D4-22E4-4F25-AD94-52E4E9E93522}.Debug|ARM.Build.0 = Debug|ARM
		{1C7795D4-22E4-4F25-AD94-52E4E9E93522}.Debug|ARM.Deploy.0 = Debug|ARM
		{1C7795D4-22E4-4F25-AD94-52E4E9E93522}.Debug|iPhone.ActiveCfg = Debug|x86
		{1C7795D4-22E4-4F25-AD94-52E4E9E93522}.Debug|iPhone.Build.0 = Debug|x86
		{1C7795D4-22E4-4F25-AD94-52E4E9E93522}.Debug|iPhone.Deploy.0 = Debug|x86
		{1C7795D4-22E4-4F25-AD94-52E4E9E93522}.Debug|iPhoneSimulator.ActiveCfg = Debug|x86
		{1C7795D4-22E4-4F25-AD94-52E4E9E93522}.Debug|iPhoneSimulator.Build.0 = Debug|x86
		{1C7795D4-22E4-4F25-AD94-52E4E9E93522}.Debug|iPhoneSimulator.Deploy.0 = Debug|x86
		{1C7795D4-22E4-4F25-AD94-52E4E9E93522}.Debug|x64.ActiveCfg = Debug|x64
		{1C7795D4-22E4-4F25-AD94-52E4E9E93522}.Debug|x64.Build.0 = Debug|x64
		{1C7795D4-22E4-4F25-AD94-52E4E9E93522}.Debug|x64.Deploy.0 = Debug|x64
		{1C7795D4-22E4-4F25-AD94-52E4E9E93522}.Debug|x86.ActiveCfg = Debug|x86
		{1C7795D4-22E4-4F25-AD94-52E4E9E93522}.Debug|x86.Build.0 = Debug|x86
		{1C7795D4-22E4-4F25-AD94-52E4E9E93522}.Debug|x86.Deploy.0 = Debug|x86
		{1C7795D4-22E4-4F25-AD94-52E4E9E93522}.Release|Any CPU.ActiveCfg = Release|x86
		{1C7795D4-22E4-4F25-AD94-52E4E9E93522}.Release|Any CPU.Build.0 = Release|x86
		{1C7795D4-22E4-4F25-AD94-52E4E9E93522}.Release|Any CPU.Deploy.0 = Release|x86
		{1C7795D4-22E4-4F25-AD94-52E4E9E93522}.Release|ARM.ActiveCfg = Release|ARM
		{1C7795D4-22E4-4F25-AD94-52E4E9E93522}.Release|ARM.Build.0 = Release|ARM
		{1C7795D4-22E4-4F25-AD94-52E4E9E93522}.Release|ARM.Deploy.0 = Release|ARM
		{1C7795D4-22E4-4F25-AD94-52E4E9E93522}.Release|iPhone.ActiveCfg = Release|x86
		{1C7795D4-22E4-4F25-AD94-52E4E9E93522}.Release|iPhone.Build.0 = Release|x86
		{1C7795D4-22E4-4F25-AD94-52E4E9E93522}.Release|iPhone.Deploy.0 = Release|x86
		{1C7795D4-22E4-4F25-AD94-52E4E9E93522}.Release|iPhoneSimulator.ActiveCfg = Release|x86
		{1C7795D4-22E4-4F25-AD94-52E4E9E93522}.Release|iPhoneSimulator.Build.0 = Release|x86
		{1C7795D4-22E4-4F25-AD94-52E4E9E93522}.Release|iPhoneSimulator.Deploy.0 = Release|x86
		{1C7795D4-22E4-4F25-AD94-52E4E9E93522}.Release|x64.ActiveCfg = Release|x64
		{1C7795D4-22E4-4F25-AD94-52E4E9E93522}.Release|x64.Build.0 = Release|x64
		{1C7795D4-22E4-4F25-AD94-52E4E9E93522}.Release|x64.Deploy.0 = Release|x64
		{1C7795D4-22E4-4F25-AD94-52E4E9E93522}.Release|x86.ActiveCfg = Release|x86
		{1C7795D4-22E4-4F25-AD94-52E4E9E93522}.Release|x86.Build.0 = Release|x86
		{1C7795D4-22E4-4F25-AD94-52E4E9E93522}.Release|x86.Deploy.0 = Release|x86
		{666BFF83-D2BB-4712-A09F-C0FE6D8BAE60}.Debug|Any CPU.ActiveCfg = Debug|Any CPU
		{666BFF83-D2BB-4712-A09F-C0FE6D8BAE60}.Debug|Any CPU.Build.0 = Debug|Any CPU
		{666BFF83-D2BB-4712-A09F-C0FE6D8BAE60}.Debug|Any CPU.Deploy.0 = Debug|Any CPU
		{666BFF83-D2BB-4712-A09F-C0FE6D8BAE60}.Debug|ARM.ActiveCfg = Debug|Any CPU
		{666BFF83-D2BB-4712-A09F-C0FE6D8BAE60}.Debug|ARM.Build.0 = Debug|Any CPU
		{666BFF83-D2BB-4712-A09F-C0FE6D8BAE60}.Debug|ARM.Deploy.0 = Debug|Any CPU
		{666BFF83-D2BB-4712-A09F-C0FE6D8BAE60}.Debug|iPhone.ActiveCfg = Debug|Any CPU
		{666BFF83-D2BB-4712-A09F-C0FE6D8BAE60}.Debug|iPhone.Build.0 = Debug|Any CPU
		{666BFF83-D2BB-4712-A09F-C0FE6D8BAE60}.Debug|iPhone.Deploy.0 = Debug|Any CPU
		{666BFF83-D2BB-4712-A09F-C0FE6D8BAE60}.Debug|iPhoneSimulator.ActiveCfg = Debug|Any CPU
		{666BFF83-D2BB-4712-A09F-C0FE6D8BAE60}.Debug|iPhoneSimulator.Build.0 = Debug|Any CPU
		{666BFF83-D2BB-4712-A09F-C0FE6D8BAE60}.Debug|iPhoneSimulator.Deploy.0 = Debug|Any CPU
		{666BFF83-D2BB-4712-A09F-C0FE6D8BAE60}.Debug|x64.ActiveCfg = Debug|Any CPU
		{666BFF83-D2BB-4712-A09F-C0FE6D8BAE60}.Debug|x64.Build.0 = Debug|Any CPU
		{666BFF83-D2BB-4712-A09F-C0FE6D8BAE60}.Debug|x64.Deploy.0 = Debug|Any CPU
		{666BFF83-D2BB-4712-A09F-C0FE6D8BAE60}.Debug|x86.ActiveCfg = Debug|Any CPU
		{666BFF83-D2BB-4712-A09F-C0FE6D8BAE60}.Debug|x86.Build.0 = Debug|Any CPU
		{666BFF83-D2BB-4712-A09F-C0FE6D8BAE60}.Debug|x86.Deploy.0 = Debug|Any CPU
		{666BFF83-D2BB-4712-A09F-C0FE6D8BAE60}.Release|Any CPU.ActiveCfg = Release|Any CPU
		{666BFF83-D2BB-4712-A09F-C0FE6D8BAE60}.Release|Any CPU.Build.0 = Release|Any CPU
		{666BFF83-D2BB-4712-A09F-C0FE6D8BAE60}.Release|Any CPU.Deploy.0 = Release|Any CPU
		{666BFF83-D2BB-4712-A09F-C0FE6D8BAE60}.Release|ARM.ActiveCfg = Release|Any CPU
		{666BFF83-D2BB-4712-A09F-C0FE6D8BAE60}.Release|ARM.Build.0 = Release|Any CPU
		{666BFF83-D2BB-4712-A09F-C0FE6D8BAE60}.Release|ARM.Deploy.0 = Release|Any CPU
		{666BFF83-D2BB-4712-A09F-C0FE6D8BAE60}.Release|iPhone.ActiveCfg = Release|Any CPU
		{666BFF83-D2BB-4712-A09F-C0FE6D8BAE60}.Release|iPhone.Build.0 = Release|Any CPU
		{666BFF83-D2BB-4712-A09F-C0FE6D8BAE60}.Release|iPhone.Deploy.0 = Release|Any CPU
		{666BFF83-D2BB-4712-A09F-C0FE6D8BAE60}.Release|iPhoneSimulator.ActiveCfg = Release|Any CPU
		{666BFF83-D2BB-4712-A09F-C0FE6D8BAE60}.Release|iPhoneSimulator.Build.0 = Release|Any CPU
		{666BFF83-D2BB-4712-A09F-C0FE6D8BAE60}.Release|iPhoneSimulator.Deploy.0 = Release|Any CPU
		{666BFF83-D2BB-4712-A09F-C0FE6D8BAE60}.Release|x64.ActiveCfg = Release|Any CPU
		{666BFF83-D2BB-4712-A09F-C0FE6D8BAE60}.Release|x64.Build.0 = Release|Any CPU
		{666BFF83-D2BB-4712-A09F-C0FE6D8BAE60}.Release|x64.Deploy.0 = Release|Any CPU
		{666BFF83-D2BB-4712-A09F-C0FE6D8BAE60}.Release|x86.ActiveCfg = Release|Any CPU
		{666BFF83-D2BB-4712-A09F-C0FE6D8BAE60}.Release|x86.Build.0 = Release|Any CPU
		{666BFF83-D2BB-4712-A09F-C0FE6D8BAE60}.Release|x86.Deploy.0 = Release|Any CPU
		{F526976C-7FFC-4774-A8B9-8DCD10AC5C9B}.Debug|Any CPU.ActiveCfg = Debug|iPhone
		{F526976C-7FFC-4774-A8B9-8DCD10AC5C9B}.Debug|Any CPU.Build.0 = Debug|iPhone
		{F526976C-7FFC-4774-A8B9-8DCD10AC5C9B}.Debug|Any CPU.Deploy.0 = Debug|iPhone
		{F526976C-7FFC-4774-A8B9-8DCD10AC5C9B}.Debug|ARM.ActiveCfg = Debug|iPhoneSimulator
		{F526976C-7FFC-4774-A8B9-8DCD10AC5C9B}.Debug|ARM.Build.0 = Debug|iPhoneSimulator
		{F526976C-7FFC-4774-A8B9-8DCD10AC5C9B}.Debug|ARM.Deploy.0 = Debug|iPhoneSimulator
		{F526976C-7FFC-4774-A8B9-8DCD10AC5C9B}.Debug|iPhone.ActiveCfg = Debug|iPhone
		{F526976C-7FFC-4774-A8B9-8DCD10AC5C9B}.Debug|iPhone.Build.0 = Debug|iPhone
		{F526976C-7FFC-4774-A8B9-8DCD10AC5C9B}.Debug|iPhone.Deploy.0 = Debug|iPhone
		{F526976C-7FFC-4774-A8B9-8DCD10AC5C9B}.Debug|iPhoneSimulator.ActiveCfg = Debug|iPhoneSimulator
		{F526976C-7FFC-4774-A8B9-8DCD10AC5C9B}.Debug|iPhoneSimulator.Build.0 = Debug|iPhoneSimulator
		{F526976C-7FFC-4774-A8B9-8DCD10AC5C9B}.Debug|iPhoneSimulator.Deploy.0 = Debug|iPhoneSimulator
		{F526976C-7FFC-4774-A8B9-8DCD10AC5C9B}.Debug|x64.ActiveCfg = Debug|iPhone
		{F526976C-7FFC-4774-A8B9-8DCD10AC5C9B}.Debug|x64.Build.0 = Debug|iPhone
		{F526976C-7FFC-4774-A8B9-8DCD10AC5C9B}.Debug|x64.Deploy.0 = Debug|iPhone
		{F526976C-7FFC-4774-A8B9-8DCD10AC5C9B}.Debug|x86.ActiveCfg = Debug|iPhone
		{F526976C-7FFC-4774-A8B9-8DCD10AC5C9B}.Debug|x86.Build.0 = Debug|iPhone
		{F526976C-7FFC-4774-A8B9-8DCD10AC5C9B}.Debug|x86.Deploy.0 = Debug|iPhone
		{F526976C-7FFC-4774-A8B9-8DCD10AC5C9B}.Release|Any CPU.ActiveCfg = Release|iPhone
		{F526976C-7FFC-4774-A8B9-8DCD10AC5C9B}.Release|Any CPU.Build.0 = Release|iPhone
		{F526976C-7FFC-4774-A8B9-8DCD10AC5C9B}.Release|Any CPU.Deploy.0 = Release|iPhone
		{F526976C-7FFC-4774-A8B9-8DCD10AC5C9B}.Release|ARM.ActiveCfg = Release|iPhone
		{F526976C-7FFC-4774-A8B9-8DCD10AC5C9B}.Release|ARM.Build.0 = Release|iPhone
		{F526976C-7FFC-4774-A8B9-8DCD10AC5C9B}.Release|ARM.Deploy.0 = Release|iPhone
		{F526976C-7FFC-4774-A8B9-8DCD10AC5C9B}.Release|iPhone.ActiveCfg = Release|iPhone
		{F526976C-7FFC-4774-A8B9-8DCD10AC5C9B}.Release|iPhone.Build.0 = Release|iPhone
		{F526976C-7FFC-4774-A8B9-8DCD10AC5C9B}.Release|iPhone.Deploy.0 = Release|iPhone
		{F526976C-7FFC-4774-A8B9-8DCD10AC5C9B}.Release|iPhoneSimulator.ActiveCfg = Release|iPhoneSimulator
		{F526976C-7FFC-4774-A8B9-8DCD10AC5C9B}.Release|iPhoneSimulator.Build.0 = Release|iPhoneSimulator
		{F526976C-7FFC-4774-A8B9-8DCD10AC5C9B}.Release|iPhoneSimulator.Deploy.0 = Release|iPhoneSimulator
		{F526976C-7FFC-4774-A8B9-8DCD10AC5C9B}.Release|x64.ActiveCfg = Release|iPhone
		{F526976C-7FFC-4774-A8B9-8DCD10AC5C9B}.Release|x64.Build.0 = Release|iPhone
		{F526976C-7FFC-4774-A8B9-8DCD10AC5C9B}.Release|x64.Deploy.0 = Release|iPhone
		{F526976C-7FFC-4774-A8B9-8DCD10AC5C9B}.Release|x86.ActiveCfg = Release|iPhone
		{F526976C-7FFC-4774-A8B9-8DCD10AC5C9B}.Release|x86.Build.0 = Release|iPhone
		{F526976C-7FFC-4774-A8B9-8DCD10AC5C9B}.Release|x86.Deploy.0 = Release|iPhone
		{21EB0438-2785-4B21-AB6C-54E4E8ADA06C}.Debug|Any CPU.ActiveCfg = Debug|Any CPU
		{21EB0438-2785-4B21-AB6C-54E4E8ADA06C}.Debug|Any CPU.Build.0 = Debug|Any CPU
		{21EB0438-2785-4B21-AB6C-54E4E8ADA06C}.Debug|Any CPU.Deploy.0 = Debug|Any CPU
		{21EB0438-2785-4B21-AB6C-54E4E8ADA06C}.Debug|ARM.ActiveCfg = Debug|Any CPU
		{21EB0438-2785-4B21-AB6C-54E4E8ADA06C}.Debug|ARM.Build.0 = Debug|Any CPU
		{21EB0438-2785-4B21-AB6C-54E4E8ADA06C}.Debug|ARM.Deploy.0 = Debug|Any CPU
		{21EB0438-2785-4B21-AB6C-54E4E8ADA06C}.Debug|iPhone.ActiveCfg = Debug|Any CPU
		{21EB0438-2785-4B21-AB6C-54E4E8ADA06C}.Debug|iPhone.Build.0 = Debug|Any CPU
		{21EB0438-2785-4B21-AB6C-54E4E8ADA06C}.Debug|iPhone.Deploy.0 = Debug|Any CPU
		{21EB0438-2785-4B21-AB6C-54E4E8ADA06C}.Debug|iPhoneSimulator.ActiveCfg = Debug|Any CPU
		{21EB0438-2785-4B21-AB6C-54E4E8ADA06C}.Debug|iPhoneSimulator.Build.0 = Debug|Any CPU
		{21EB0438-2785-4B21-AB6C-54E4E8ADA06C}.Debug|iPhoneSimulator.Deploy.0 = Debug|Any CPU
		{21EB0438-2785-4B21-AB6C-54E4E8ADA06C}.Debug|x64.ActiveCfg = Debug|Any CPU
		{21EB0438-2785-4B21-AB6C-54E4E8ADA06C}.Debug|x64.Build.0 = Debug|Any CPU
		{21EB0438-2785-4B21-AB6C-54E4E8ADA06C}.Debug|x64.Deploy.0 = Debug|Any CPU
		{21EB0438-2785-4B21-AB6C-54E4E8ADA06C}.Debug|x86.ActiveCfg = Debug|Any CPU
		{21EB0438-2785-4B21-AB6C-54E4E8ADA06C}.Debug|x86.Build.0 = Debug|Any CPU
		{21EB0438-2785-4B21-AB6C-54E4E8ADA06C}.Debug|x86.Deploy.0 = Debug|Any CPU
		{21EB0438-2785-4B21-AB6C-54E4E8ADA06C}.Release|Any CPU.ActiveCfg = Release|Any CPU
		{21EB0438-2785-4B21-AB6C-54E4E8ADA06C}.Release|Any CPU.Build.0 = Release|Any CPU
		{21EB0438-2785-4B21-AB6C-54E4E8ADA06C}.Release|Any CPU.Deploy.0 = Release|Any CPU
		{21EB0438-2785-4B21-AB6C-54E4E8ADA06C}.Release|ARM.ActiveCfg = Release|Any CPU
		{21EB0438-2785-4B21-AB6C-54E4E8ADA06C}.Release|ARM.Build.0 = Release|Any CPU
		{21EB0438-2785-4B21-AB6C-54E4E8ADA06C}.Release|ARM.Deploy.0 = Release|Any CPU
		{21EB0438-2785-4B21-AB6C-54E4E8ADA06C}.Release|iPhone.ActiveCfg = Release|Any CPU
		{21EB0438-2785-4B21-AB6C-54E4E8ADA06C}.Release|iPhone.Build.0 = Release|Any CPU
		{21EB0438-2785-4B21-AB6C-54E4E8ADA06C}.Release|iPhone.Deploy.0 = Release|Any CPU
		{21EB0438-2785-4B21-AB6C-54E4E8ADA06C}.Release|iPhoneSimulator.ActiveCfg = Release|Any CPU
		{21EB0438-2785-4B21-AB6C-54E4E8ADA06C}.Release|iPhoneSimulator.Build.0 = Release|Any CPU
		{21EB0438-2785-4B21-AB6C-54E4E8ADA06C}.Release|iPhoneSimulator.Deploy.0 = Release|Any CPU
		{21EB0438-2785-4B21-AB6C-54E4E8ADA06C}.Release|x64.ActiveCfg = Release|Any CPU
		{21EB0438-2785-4B21-AB6C-54E4E8ADA06C}.Release|x64.Build.0 = Release|Any CPU
		{21EB0438-2785-4B21-AB6C-54E4E8ADA06C}.Release|x64.Deploy.0 = Release|Any CPU
		{21EB0438-2785-4B21-AB6C-54E4E8ADA06C}.Release|x86.ActiveCfg = Release|Any CPU
		{21EB0438-2785-4B21-AB6C-54E4E8ADA06C}.Release|x86.Build.0 = Release|Any CPU
		{21EB0438-2785-4B21-AB6C-54E4E8ADA06C}.Release|x86.Deploy.0 = Release|Any CPU
	EndGlobalSection
	GlobalSection(SolutionProperties) = preSolution
		HideSolutionNode = FALSE
	EndGlobalSection
	GlobalSection(ExtensibilityGlobals) = postSolution
		SolutionGuid = {A639275D-84B1-41B8-BC72-3279472D2B85}
	EndGlobalSection
EndGlobal
